
Microsoft Visual Studio Solution File, Format Version 12.00
# Visual Studio Version 17
VisualStudioVersion = 17.3.32929.385
MinimumVisualStudioVersion = 10.0.40219.1
Project("{FAE04EC0-301F-11D3-BF4B-00C04F79EFBC}") = "BMI_Calculator", "BMI_Calculator\BMI_Calculator.csproj", "{806EE80A-AB24-413E-88B6-DDB16ED65CC3}"
EndProject
Global
	GlobalSection(SolutionConfigurationPlatforms) = preSolution
		Debug|Any CPU = Debug|Any CPU
		Release|Any CPU = Release|Any CPU
	EndGlobalSection
	GlobalSection(ProjectConfigurationPlatforms) = postSolution
		{806EE80A-AB24-413E-88B6-DDB16ED65CC3}.Debug|Any CPU.ActiveCfg = Debug|Any CPU
		{806EE80A-AB24-413E-88B6-DDB16ED65CC3}.Debug|Any CPU.Build.0 = Debug|Any CPU
		{806EE80A-AB24-413E-88B6-DDB16ED65CC3}.Release|Any CPU.ActiveCfg = Release|Any CPU
		{806EE80A-AB24-413E-88B6-DDB16ED65CC3}.Release|Any CPU.Build.0 = Release|Any CPU
	EndGlobalSection
	GlobalSection(SolutionProperties) = preSolution
		HideSolutionNode = FALSE
	EndGlobalSection
	GlobalSection(ExtensibilityGlobals) = postSolution
		SolutionGuid = {859107E6-4912-4510-8041-9CEC00C60C70}
	EndGlobalSection
EndGlobal
